// !$*UTF8*$!
{
	archiveVersion = 1;
	classes = {
	};
	objectVersion = 50;
	objects = {

/* Begin PBXBuildFile section */
		4FE0B62F23F6DCB7001854FC /* AppDelegate.swift in Sources */ = {isa = PBXBuildFile; fileRef = 4FE0B62E23F6DCB7001854FC /* AppDelegate.swift */; };
		4FE0B63123F6DCB7001854FC /* SceneDelegate.swift in Sources */ = {isa = PBXBuildFile; fileRef = 4FE0B63023F6DCB7001854FC /* SceneDelegate.swift */; };
		4FE0B63523F6DCBA001854FC /* Assets.xcassets in Resources */ = {isa = PBXBuildFile; fileRef = 4FE0B63423F6DCBA001854FC /* Assets.xcassets */; };
		4FE0B63823F6DCBA001854FC /* Preview Assets.xcassets in Resources */ = {isa = PBXBuildFile; fileRef = 4FE0B63723F6DCBA001854FC /* Preview Assets.xcassets */; };
		4FE0B63B23F6DCBA001854FC /* LaunchScreen.storyboard in Resources */ = {isa = PBXBuildFile; fileRef = 4FE0B63923F6DCBA001854FC /* LaunchScreen.storyboard */; };
		4FE0B64423F6DD25001854FC /* BaseView.swift in Sources */ = {isa = PBXBuildFile; fileRef = 4FE0B64223F6DD25001854FC /* BaseView.swift */; };
		4FE0B64523F6DD25001854FC /* ModalView.swift in Sources */ = {isa = PBXBuildFile; fileRef = 4FE0B64323F6DD25001854FC /* ModalView.swift */; };
		4FEF2E1324055DB9005E15B3 /* SlideBottomTransition.swift in Sources */ = {isa = PBXBuildFile; fileRef = 4FEF2E1224055DB9005E15B3 /* SlideBottomTransition.swift */; };
/* End PBXBuildFile section */

/* Begin PBXFileReference section */
		4FE0B62B23F6DCB7001854FC /* iPadConditionalViewModal.app */ = {isa = PBXFileReference; explicitFileType = wrapper.application; includeInIndex = 0; path = iPadConditionalViewModal.app; sourceTree = BUILT_PRODUCTS_DIR; };
		4FE0B62E23F6DCB7001854FC /* AppDelegate.swift */ = {isa = PBXFileReference; lastKnownFileType = sourcecode.swift; path = AppDelegate.swift; sourceTree = "<group>"; };
		4FE0B63023F6DCB7001854FC /* SceneDelegate.swift */ = {isa = PBXFileReference; lastKnownFileType = sourcecode.swift; path = SceneDelegate.swift; sourceTree = "<group>"; };
		4FE0B63423F6DCBA001854FC /* Assets.xcassets */ = {isa = PBXFileReference; lastKnownFileType = folder.assetcatalog; path = Assets.xcassets; sourceTree = "<group>"; };
		4FE0B63723F6DCBA001854FC /* Preview Assets.xcassets */ = {isa = PBXFileReference; lastKnownFileType = folder.assetcatalog; path = "Preview Assets.xcassets"; sourceTree = "<group>"; };
		4FE0B63A23F6DCBA001854FC /* Base */ = {isa = PBXFileReference; lastKnownFileType = file.storyboard; name = Base; path = Base.lproj/LaunchScreen.storyboard; sourceTree = "<group>"; };
		4FE0B63C23F6DCBA001854FC /* Info.plist */ = {isa = PBXFileReference; lastKnownFileType = text.plist.xml; path = Info.plist; sourceTree = "<group>"; };
		4FE0B64223F6DD25001854FC /* BaseView.swift */ = {isa = PBXFileReference; fileEncoding = 4; lastKnownFileType = sourcecode.swift; path = BaseView.swift; sourceTree = "<group>"; };
		4FE0B64323F6DD25001854FC /* ModalView.swift */ = {isa = PBXFileReference; fileEncoding = 4; lastKnownFileType = sourcecode.swift; path = ModalView.swift; sourceTree = "<group>"; };
		4FEF2E1224055DB9005E15B3 /* SlideBottomTransition.swift */ = {isa = PBXFileReference; lastKnownFileType = sourcecode.swift; path = SlideBottomTransition.swift; sourceTree = "<group>"; };
/* End PBXFileReference section */

/* Begin PBXFrameworksBuildPhase section */
		4FE0B62823F6DCB7001854FC /* Frameworks */ = {
			isa = PBXFrameworksBuildPhase;
			buildActionMask = 2147483647;
			files = (
			);
			runOnlyForDeploymentPostprocessing = 0;
		};
/* End PBXFrameworksBuildPhase section */

/* Begin PBXGroup section */
		4FE0B62223F6DCB7001854FC = {
			isa = PBXGroup;
			children = (
				4FE0B62D23F6DCB7001854FC /* iPadConditionalViewModal */,
				4FE0B62C23F6DCB7001854FC /* Products */,
			);
			sourceTree = "<group>";
		};
		4FE0B62C23F6DCB7001854FC /* Products */ = {
			isa = PBXGroup;
			children = (
				4FE0B62B23F6DCB7001854FC /* iPadConditionalViewModal.app */,
			);
			name = Products;
			sourceTree = "<group>";
		};
		4FE0B62D23F6DCB7001854FC /* iPadConditionalViewModal */ = {
			isa = PBXGroup;
			children = (
				4FE0B64223F6DD25001854FC /* BaseView.swift */,
				4FE0B64323F6DD25001854FC /* ModalView.swift */,
				4FEF2E1224055DB9005E15B3 /* SlideBottomTransition.swift */,
				4FE0B62E23F6DCB7001854FC /* AppDelegate.swift */,
				4FE0B63023F6DCB7001854FC /* SceneDelegate.swift */,
				4FE0B63423F6DCBA001854FC /* Assets.xcassets */,
				4FE0B63923F6DCBA001854FC /* LaunchScreen.storyboard */,
				4FE0B63C23F6DCBA001854FC /* Info.plist */,
				4FE0B63623F6DCBA001854FC /* Preview Content */,
			);
			path = iPadConditionalViewModal;
			sourceTree = "<group>";
		};
		4FE0B63623F6DCBA001854FC /* Preview Content */ = {
			isa = PBXGroup;
			children = (
				4FE0B63723F6DCBA001854FC /* Preview Assets.xcassets */,
			);
			path = "Preview Content";
			sourceTree = "<group>";
		};
/* End PBXGroup section */

/* Begin PBXNativeTarget section */
		4FE0B62A23F6DCB7001854FC /* iPadConditionalViewModal */ = {
			isa = PBXNativeTarget;
			buildConfigurationList = 4FE0B63F23F6DCBA001854FC /* Build configuration list for PBXNativeTarget "iPadConditionalViewModal" */;
			buildPhases = (
				4FE0B62723F6DCB7001854FC /* Sources */,
				4FE0B62823F6DCB7001854FC /* Frameworks */,
				4FE0B62923F6DCB7001854FC /* Resources */,
			);
			buildRules = (
			);
			dependencies = (
			);
			name = iPadConditionalViewModal;
			productName = iPadConditionalViewModal;
			productReference = 4FE0B62B23F6DCB7001854FC /* iPadConditionalViewModal.app */;
			productType = "com.apple.product-type.application";
		};
/* End PBXNativeTarget section */

/* Begin PBXProject section */
		4FE0B62323F6DCB7001854FC /* Project object */ = {
			isa = PBXProject;
			attributes = {
				LastSwiftUpdateCheck = 1130;
				LastUpgradeCheck = 1130;
				ORGANIZATIONNAME = "Juan Carlos Ospina Gonzalez";
				TargetAttributes = {
					4FE0B62A23F6DCB7001854FC = {
						CreatedOnToolsVersion = 11.3.1;
					};
				};
			};
			buildConfigurationList = 4FE0B62623F6DCB7001854FC /* Build configuration list for PBXProject "iPadConditionalViewModal" */;
			compatibilityVersion = "Xcode 9.3";
			developmentRegion = en;
			hasScannedForEncodings = 0;
			knownRegions = (
				en,
				Base,
			);
			mainGroup = 4FE0B62223F6DCB7001854FC;
			productRefGroup = 4FE0B62C23F6DCB7001854FC /* Products */;
			projectDirPath = "";
			projectRoot = "";
			targets = (
				4FE0B62A23F6DCB7001854FC /* iPadConditionalViewModal */,
			);
		};
/* End PBXProject section */

/* Begin PBXResourcesBuildPhase section */
		4FE0B62923F6DCB7001854FC /* Resources */ = {
			isa = PBXResourcesBuildPhase;
			buildActionMask = 2147483647;
			files = (
				4FE0B63B23F6DCBA001854FC /* LaunchScreen.storyboard in Resources */,
				4FE0B63823F6DCBA001854FC /* Preview Assets.xcassets in Resources */,
				4FE0B63523F6DCBA001854FC /* Assets.xcassets in Resources */,
			);
			runOnlyForDeploymentPostprocessing = 0;
		};
/* End PBXResourcesBuildPhase section */

/* Begin PBXSourcesBuildPhase section */
		4FE0B62723F6DCB7001854FC /* Sources */ = {
			isa = PBXSourcesBuildPhase;
			buildActionMask = 2147483647;
			files = (
				4FE0B64423F6DD25001854FC /* BaseView.swift in Sources */,
				4FEF2E1324055DB9005E15B3 /* SlideBottomTransition.swift in Sources */,
				4FE0B62F23F6DCB7001854FC /* AppDelegate.swift in Sources */,
				4FE0B64523F6DD25001854FC /* ModalView.swift in Sources */,
				4FE0B63123F6DCB7001854FC /* SceneDelegate.swift in Sources */,
			);
			runOnlyForDeploymentPostprocessing = 0;
		};
/* End PBXSourcesBuildPhase section */

/* Begin PBXVariantGroup section */
		4FE0B63923F6DCBA001854FC /* LaunchScreen.storyboard */ = {
			isa = PBXVariantGroup;
			children = (
				4FE0B63A23F6DCBA001854FC /* Base */,
			);
			name = LaunchScreen.storyboard;
			sourceTree = "<group>";
		};
/* End PBXVariantGroup section */

/* Begin XCBuildConfiguration section */
		4FE0B63D23F6DCBA001854FC /* Debug */ = {
			isa = XCBuildConfiguration;
			buildSettings = {
				ALWAYS_SEARCH_USER_PATHS = NO;
				CLANG_ANALYZER_NONNULL = YES;
				CLANG_ANALYZER_NUMBER_OBJECT_CONVERSION = YES_AGGRESSIVE;
				CLANG_CXX_LANGUAGE_STANDARD = "gnu++14";
				CLANG_CXX_LIBRARY = "libc++";
				CLANG_ENABLE_MODULES = YES;
				CLANG_ENABLE_OBJC_ARC = YES;
				CLANG_ENABLE_OBJC_WEAK = YES;
				CLANG_WARN_BLOCK_CAPTURE_AUTORELEASING = YES;
				CLANG_WARN_BOOL_CONVERSION = YES;
				CLANG_WARN_COMMA = YES;
				CLANG_WARN_CONSTANT_CONVERSION = YES;
				CLANG_WARN_DEPRECATED_OBJC_IMPLEMENTATIONS = YES;
				CLANG_WARN_DIRECT_OBJC_ISA_USAGE = YES_ERROR;
				CLANG_WARN_DOCUMENTATION_COMMENTS = YES;
				CLANG_WARN_EMPTY_BODY = YES;
				CLANG_WARN_ENUM_CONVERSION = YES;
				CLANG_WARN_INFINITE_RECURSION = YES;
				CLANG_WARN_INT_CONVERSION = YES;
				CLANG_WARN_NON_LITERAL_NULL_CONVERSION = YES;
				CLANG_WARN_OBJC_IMPLICIT_RETAIN_SELF = YES;
				CLANG_WARN_OBJC_LITERAL_CONVERSION = YES;
				CLANG_WARN_OBJC_ROOT_CLASS = YES_ERROR;
				CLANG_WARN_RANGE_LOOP_ANALYSIS = YES;
				CLANG_WARN_STRICT_PROTOTYPES = YES;
				CLANG_WARN_SUSPICIOUS_MOVE = YES;
				CLANG_WARN_UNGUARDED_AVAILABILITY = YES_AGGRESSIVE;
				CLANG_WARN_UNREACHABLE_CODE = YES;
				CLANG_WARN__DUPLICATE_METHOD_MATCH = YES;
				COPY_PHASE_STRIP = NO;
				DEBUG_INFORMATION_FORMAT = dwarf;
				ENABLE_STRICT_OBJC_MSGSEND = YES;
				ENABLE_TESTABILITY = YES;
				GCC_C_LANGUAGE_STANDARD = gnu11;
				GCC_DYNAMIC_NO_PIC = NO;
				GCC_NO_COMMON_BLOCKS = YES;
				GCC_OPTIMIZATION_LEVEL = 0;
				GCC_PREPROCESSOR_DEFINITIONS = (
					"DEBUG=1",
					"$(inherited)",
				);
				GCC_WARN_64_TO_32_BIT_CONVERSION = YES;
				GCC_WARN_ABOUT_RETURN_TYPE = YES_ERROR;
				GCC_WARN_UNDECLARED_SELECTOR = YES;
				GCC_WARN_UNINITIALIZED_AUTOS = YES_AGGRESSIVE;
				GCC_WARN_UNUSED_FUNCTION = YES;
				GCC_WARN_UNUSED_VARIABLE = YES;
				IPHONEOS_DEPLOYMENT_TARGET = 13.2;
				MTL_ENABLE_DEBUG_INFO = INCLUDE_SOURCE;
				MTL_FAST_MATH = YES;
				ONLY_ACTIVE_ARCH = YES;
				SDKROOT = iphoneos;
				SWIFT_ACTIVE_COMPILATION_CONDITIONS = DEBUG;
				SWIFT_OPTIMIZATION_LEVEL = "-Onone";
			};
			name = Debug;
		};
		4FE0B63E23F6DCBA001854FC /* Release */ = {
			isa = XCBuildConfiguration;
			buildSettings = {
				ALWAYS_SEARCH_USER_PATHS = NO;
				CLANG_ANALYZER_NONNULL = YES;
				CLANG_ANALYZER_NUMBER_OBJECT_CONVERSION = YES_AGGRESSIVE;
				CLANG_CXX_LANGUAGE_STANDARD = "gnu++14";
				CLANG_CXX_LIBRARY = "libc++";
				CLANG_ENABLE_MODULES = YES;
				CLANG_ENABLE_OBJC_ARC = YES;
				CLANG_ENABLE_OBJC_WEAK = YES;
				CLANG_WARN_BLOCK_CAPTURE_AUTORELEASING = YES;
				CLANG_WARN_BOOL_CONVERSION = YES;
				CLANG_WARN_COMMA = YES;
				CLANG_WARN_CONSTANT_CONVERSION = YES;
				CLANG_WARN_DEPRECATED_OBJC_IMPLEMENTATIONS = YES;
				CLANG_WARN_DIRECT_OBJC_ISA_USAGE = YES_ERROR;
				CLANG_WARN_DOCUMENTATION_COMMENTS = YES;
				CLANG_WARN_EMPTY_BODY = YES;
				CLANG_WARN_ENUM_CONVERSION = YES;
				CLANG_WARN_INFINITE_RECURSION = YES;
				CLANG_WARN_INT_CONVERSION = YES;
				CLANG_WARN_NON_LITERAL_NULL_CONVERSION = YES;
				CLANG_WARN_OBJC_IMPLICIT_RETAIN_SELF = YES;
				CLANG_WARN_OBJC_LITERAL_CONVERSION = YES;
				CLANG_WARN_OBJC_ROOT_CLASS = YES_ERROR;
				CLANG_WARN_RANGE_LOOP_ANALYSIS = YES;
				CLANG_WARN_STRICT_PROTOTYPES = YES;
				CLANG_WARN_SUSPICIOUS_MOVE = YES;
				CLANG_WARN_UNGUARDED_AVAILABILITY = YES_AGGRESSIVE;
				CLANG_WARN_UNREACHABLE_CODE = YES;
				CLANG_WARN__DUPLICATE_METHOD_MATCH = YES;
				COPY_PHASE_STRIP = NO;
				DEBUG_INFORMATION_FORMAT = "dwarf-with-dsym";
				ENABLE_NS_ASSERTIONS = NO;
				ENABLE_STRICT_OBJC_MSGSEND = YES;
				GCC_C_LANGUAGE_STANDARD = gnu11;
				GCC_NO_COMMON_BLOCKS = YES;
				GCC_WARN_64_TO_32_BIT_CONVERSION = YES;
				GCC_WARN_ABOUT_RETURN_TYPE = YES_ERROR;
				GCC_WARN_UNDECLARED_SELECTOR = YES;
				GCC_WARN_UNINITIALIZED_AUTOS = YES_AGGRESSIVE;
				GCC_WARN_UNUSED_FUNCTION = YES;
				GCC_WARN_UNUSED_VARIABLE = YES;
				IPHONEOS_DEPLOYMENT_TARGET = 13.2;
				MTL_ENABLE_DEBUG_INFO = NO;
				MTL_FAST_MATH = YES;
				SDKROOT = iphoneos;
				SWIFT_COMPILATION_MODE = wholemodule;
				SWIFT_OPTIMIZATION_LEVEL = "-O";
				VALIDATE_PRODUCT = YES;
			};
			name = Release;
		};
		4FE0B64023F6DCBA001854FC /* Debug */ = {
			isa = XCBuildConfiguration;
			buildSettings = {
				ASSETCATALOG_COMPILER_APPICON_NAME = AppIcon;
				CODE_SIGN_STYLE = Automatic;
				DEVELOPMENT_ASSET_PATHS = "\"iPadConditionalViewModal/Preview Content\"";
				DEVELOPMENT_TEAM = 2BA7PGZ44F;
				ENABLE_PREVIEWS = YES;
				INFOPLIST_FILE = iPadConditionalViewModal/Info.plist;
				LD_RUNPATH_SEARCH_PATHS = (
					"$(inherited)",
					"@executable_path/Frameworks",
				);
				PRODUCT_BUNDLE_IDENTIFIER = com.piterwilson.iPadConditionalViewModal;
				PRODUCT_NAME = "$(TARGET_NAME)";
				SWIFT_VERSION = 5.0;
				TARGETED_DEVICE_FAMILY = "1,2";
			};
			name = Debug;
		};
		4FE0B64123F6DCBA001854FC /* Release */ = {
			isa = XCBuildConfiguration;
			buildSettings = {
				ASSETCATALOG_COMPILER_APPICON_NAME = AppIcon;
				CODE_SIGN_STYLE = Automatic;
				DEVELOPMENT_ASSET_PATHS = "\"iPadConditionalViewModal/Preview Content\"";
				DEVELOPMENT_TEAM = 2BA7PGZ44F;
				ENABLE_PREVIEWS = YES;
				INFOPLIST_FILE = iPadConditionalViewModal/Info.plist;
				LD_RUNPATH_SEARCH_PATHS = (
					"$(inherited)",
					"@executable_path/Frameworks",
				);
				PRODUCT_BUNDLE_IDENTIFIER = com.piterwilson.iPadConditionalViewModal;
				PRODUCT_NAME = "$(TARGET_NAME)";
				SWIFT_VERSION = 5.0;
				TARGETED_DEVICE_FAMILY = "1,2";
			};
			name = Release;
		};
/* End XCBuildConfiguration section */

/* Begin XCConfigurationList section */
		4FE0B62623F6DCB7001854FC /* Build configuration list for PBXProject "iPadConditionalViewModal" */ = {
			isa = XCConfigurationList;
			buildConfigurations = (
				4FE0B63D23F6DCBA001854FC /* Debug */,
				4FE0B63E23F6DCBA001854FC /* Release */,
			);
			defaultConfigurationIsVisible = 0;
			defaultConfigurationName = Release;
		};
		4FE0B63F23F6DCBA001854FC /* Build configuration list for PBXNativeTarget "iPadConditionalViewModal" */ = {
			isa = XCConfigurationList;
			buildConfigurations = (
				4FE0B64023F6DCBA001854FC /* Debug */,
				4FE0B64123F6DCBA001854FC /* Release */,
			);
			defaultConfigurationIsVisible = 0;
			defaultConfigurationName = Release;
		};
/* End XCConfigurationList section */
	};
	rootObject = 4FE0B62323F6DCB7001854FC /* Project object */;
}
