// !$*UTF8*$!
{
	archiveVersion = 1;
	classes = {
	};
	objectVersion = 50;
	objects = {

/* Begin PBXBuildFile section */
		4FE0B5D423F6D375001854FC /* AppDelegate.swift in Sources */ = {isa = PBXBuildFile; fileRef = 4FE0B5D323F6D375001854FC /* AppDelegate.swift */; };
		4FE0B5D623F6D375001854FC /* SceneDelegate.swift in Sources */ = {isa = PBXBuildFile; fileRef = 4FE0B5D523F6D375001854FC /* SceneDelegate.swift */; };
		4FE0B5D823F6D375001854FC /* BaseView.swift in Sources */ = {isa = PBXBuildFile; fileRef = 4FE0B5D723F6D375001854FC /* BaseView.swift */; };
		4FE0B5DA23F6D377001854FC /* Assets.xcassets in Resources */ = {isa = PBXBuildFile; fileRef = 4FE0B5D923F6D377001854FC /* Assets.xcassets */; };
		4FE0B5DD23F6D377001854FC /* Preview Assets.xcassets in Resources */ = {isa = PBXBuildFile; fileRef = 4FE0B5DC23F6D377001854FC /* Preview Assets.xcassets */; };
		4FE0B5E023F6D377001854FC /* LaunchScreen.storyboard in Resources */ = {isa = PBXBuildFile; fileRef = 4FE0B5DE23F6D377001854FC /* LaunchScreen.storyboard */; };
		4FE0B62123F6D54D001854FC /* ModalView.swift in Sources */ = {isa = PBXBuildFile; fileRef = 4FE0B62023F6D54D001854FC /* ModalView.swift */; };
/* End PBXBuildFile section */

/* Begin PBXFileReference section */
		4FE0B5D023F6D375001854FC /* iPadModalSwiftUISheet.app */ = {isa = PBXFileReference; explicitFileType = wrapper.application; includeInIndex = 0; path = iPadModalSwiftUISheet.app; sourceTree = BUILT_PRODUCTS_DIR; };
		4FE0B5D323F6D375001854FC /* AppDelegate.swift */ = {isa = PBXFileReference; lastKnownFileType = sourcecode.swift; path = AppDelegate.swift; sourceTree = "<group>"; };
		4FE0B5D523F6D375001854FC /* SceneDelegate.swift */ = {isa = PBXFileReference; lastKnownFileType = sourcecode.swift; path = SceneDelegate.swift; sourceTree = "<group>"; };
		4FE0B5D723F6D375001854FC /* BaseView.swift */ = {isa = PBXFileReference; lastKnownFileType = sourcecode.swift; path = BaseView.swift; sourceTree = "<group>"; };
		4FE0B5D923F6D377001854FC /* Assets.xcassets */ = {isa = PBXFileReference; lastKnownFileType = folder.assetcatalog; path = Assets.xcassets; sourceTree = "<group>"; };
		4FE0B5DC23F6D377001854FC /* Preview Assets.xcassets */ = {isa = PBXFileReference; lastKnownFileType = folder.assetcatalog; path = "Preview Assets.xcassets"; sourceTree = "<group>"; };
		4FE0B5DF23F6D377001854FC /* Base */ = {isa = PBXFileReference; lastKnownFileType = file.storyboard; name = Base; path = Base.lproj/LaunchScreen.storyboard; sourceTree = "<group>"; };
		4FE0B5E123F6D377001854FC /* Info.plist */ = {isa = PBXFileReference; lastKnownFileType = text.plist.xml; path = Info.plist; sourceTree = "<group>"; };
		4FE0B62023F6D54D001854FC /* ModalView.swift */ = {isa = PBXFileReference; lastKnownFileType = sourcecode.swift; path = ModalView.swift; sourceTree = "<group>"; };
/* End PBXFileReference section */

/* Begin PBXFrameworksBuildPhase section */
		4FE0B5CD23F6D375001854FC /* Frameworks */ = {
			isa = PBXFrameworksBuildPhase;
			buildActionMask = 2147483647;
			files = (
			);
			runOnlyForDeploymentPostprocessing = 0;
		};
/* End PBXFrameworksBuildPhase section */

/* Begin PBXGroup section */
		4FE0B5C723F6D375001854FC = {
			isa = PBXGroup;
			children = (
				4FE0B5D223F6D375001854FC /* iPadModalSwiftUISheet */,
				4FE0B5D123F6D375001854FC /* Products */,
			);
			sourceTree = "<group>";
		};
		4FE0B5D123F6D375001854FC /* Products */ = {
			isa = PBXGroup;
			children = (
				4FE0B5D023F6D375001854FC /* iPadModalSwiftUISheet.app */,
			);
			name = Products;
			sourceTree = "<group>";
		};
		4FE0B5D223F6D375001854FC /* iPadModalSwiftUISheet */ = {
			isa = PBXGroup;
			children = (
				4FE0B5D323F6D375001854FC /* AppDelegate.swift */,
				4FE0B5D523F6D375001854FC /* SceneDelegate.swift */,
				4FE0B5D723F6D375001854FC /* BaseView.swift */,
				4FE0B5D923F6D377001854FC /* Assets.xcassets */,
				4FE0B5DE23F6D377001854FC /* LaunchScreen.storyboard */,
				4FE0B5E123F6D377001854FC /* Info.plist */,
				4FE0B5DB23F6D377001854FC /* Preview Content */,
				4FE0B62023F6D54D001854FC /* ModalView.swift */,
			);
			path = iPadModalSwiftUISheet;
			sourceTree = "<group>";
		};
		4FE0B5DB23F6D377001854FC /* Preview Content */ = {
			isa = PBXGroup;
			children = (
				4FE0B5DC23F6D377001854FC /* Preview Assets.xcassets */,
			);
			path = "Preview Content";
			sourceTree = "<group>";
		};
/* End PBXGroup section */

/* Begin PBXNativeTarget section */
		4FE0B5CF23F6D375001854FC /* iPadModalSwiftUISheet */ = {
			isa = PBXNativeTarget;
			buildConfigurationList = 4FE0B5E423F6D377001854FC /* Build configuration list for PBXNativeTarget "iPadModalSwiftUISheet" */;
			buildPhases = (
				4FE0B5CC23F6D375001854FC /* Sources */,
				4FE0B5CD23F6D375001854FC /* Frameworks */,
				4FE0B5CE23F6D375001854FC /* Resources */,
			);
			buildRules = (
			);
			dependencies = (
			);
			name = iPadModalSwiftUISheet;
			productName = iPadModalSwiftUISheet;
			productReference = 4FE0B5D023F6D375001854FC /* iPadModalSwiftUISheet.app */;
			productType = "com.apple.product-type.application";
		};
/* End PBXNativeTarget section */

/* Begin PBXProject section */
		4FE0B5C823F6D375001854FC /* Project object */ = {
			isa = PBXProject;
			attributes = {
				LastSwiftUpdateCheck = 1130;
				LastUpgradeCheck = 1130;
				ORGANIZATIONNAME = "Juan Carlos Ospina Gonzalez";
				TargetAttributes = {
					4FE0B5CF23F6D375001854FC = {
						CreatedOnToolsVersion = 11.3.1;
					};
				};
			};
			buildConfigurationList = 4FE0B5CB23F6D375001854FC /* Build configuration list for PBXProject "iPadModalSwiftUISheet" */;
			compatibilityVersion = "Xcode 9.3";
			developmentRegion = en;
			hasScannedForEncodings = 0;
			knownRegions = (
				en,
				Base,
			);
			mainGroup = 4FE0B5C723F6D375001854FC;
			productRefGroup = 4FE0B5D123F6D375001854FC /* Products */;
			projectDirPath = "";
			projectRoot = "";
			targets = (
				4FE0B5CF23F6D375001854FC /* iPadModalSwiftUISheet */,
			);
		};
/* End PBXProject section */

/* Begin PBXResourcesBuildPhase section */
		4FE0B5CE23F6D375001854FC /* Resources */ = {
			isa = PBXResourcesBuildPhase;
			buildActionMask = 2147483647;
			files = (
				4FE0B5E023F6D377001854FC /* LaunchScreen.storyboard in Resources */,
				4FE0B5DD23F6D377001854FC /* Preview Assets.xcassets in Resources */,
				4FE0B5DA23F6D377001854FC /* Assets.xcassets in Resources */,
			);
			runOnlyForDeploymentPostprocessing = 0;
		};
/* End PBXResourcesBuildPhase section */

/* Begin PBXSourcesBuildPhase section */
		4FE0B5CC23F6D375001854FC /* Sources */ = {
			isa = PBXSourcesBuildPhase;
			buildActionMask = 2147483647;
			files = (
				4FE0B5D423F6D375001854FC /* AppDelegate.swift in Sources */,
				4FE0B5D623F6D375001854FC /* SceneDelegate.swift in Sources */,
				4FE0B62123F6D54D001854FC /* ModalView.swift in Sources */,
				4FE0B5D823F6D375001854FC /* BaseView.swift in Sources */,
			);
			runOnlyForDeploymentPostprocessing = 0;
		};
/* End PBXSourcesBuildPhase section */

/* Begin PBXVariantGroup section */
		4FE0B5DE23F6D377001854FC /* LaunchScreen.storyboard */ = {
			isa = PBXVariantGroup;
			children = (
				4FE0B5DF23F6D377001854FC /* Base */,
			);
			name = LaunchScreen.storyboard;
			sourceTree = "<group>";
		};
/* End PBXVariantGroup section */

/* Begin XCBuildConfiguration section */
		4FE0B5E223F6D377001854FC /* Debug */ = {
			isa = XCBuildConfiguration;
			buildSettings = {
				ALWAYS_SEARCH_USER_PATHS = NO;
				CLANG_ANALYZER_NONNULL = YES;
				CLANG_ANALYZER_NUMBER_OBJECT_CONVERSION = YES_AGGRESSIVE;
				CLANG_CXX_LANGUAGE_STANDARD = "gnu++14";
				CLANG_CXX_LIBRARY = "libc++";
				CLANG_ENABLE_MODULES = YES;
				CLANG_ENABLE_OBJC_ARC = YES;
				CLANG_ENABLE_OBJC_WEAK = YES;
				CLANG_WARN_BLOCK_CAPTURE_AUTORELEASING = YES;
				CLANG_WARN_BOOL_CONVERSION = YES;
				CLANG_WARN_COMMA = YES;
				CLANG_WARN_CONSTANT_CONVERSION = YES;
				CLANG_WARN_DEPRECATED_OBJC_IMPLEMENTATIONS = YES;
				CLANG_WARN_DIRECT_OBJC_ISA_USAGE = YES_ERROR;
				CLANG_WARN_DOCUMENTATION_COMMENTS = YES;
				CLANG_WARN_EMPTY_BODY = YES;
				CLANG_WARN_ENUM_CONVERSION = YES;
				CLANG_WARN_INFINITE_RECURSION = YES;
				CLANG_WARN_INT_CONVERSION = YES;
				CLANG_WARN_NON_LITERAL_NULL_CONVERSION = YES;
				CLANG_WARN_OBJC_IMPLICIT_RETAIN_SELF = YES;
				CLANG_WARN_OBJC_LITERAL_CONVERSION = YES;
				CLANG_WARN_OBJC_ROOT_CLASS = YES_ERROR;
				CLANG_WARN_RANGE_LOOP_ANALYSIS = YES;
				CLANG_WARN_STRICT_PROTOTYPES = YES;
				CLANG_WARN_SUSPICIOUS_MOVE = YES;
				CLANG_WARN_UNGUARDED_AVAILABILITY = YES_AGGRESSIVE;
				CLANG_WARN_UNREACHABLE_CODE = YES;
				CLANG_WARN__DUPLICATE_METHOD_MATCH = YES;
				COPY_PHASE_STRIP = NO;
				DEBUG_INFORMATION_FORMAT = dwarf;
				ENABLE_STRICT_OBJC_MSGSEND = YES;
				ENABLE_TESTABILITY = YES;
				GCC_C_LANGUAGE_STANDARD = gnu11;
				GCC_DYNAMIC_NO_PIC = NO;
				GCC_NO_COMMON_BLOCKS = YES;
				GCC_OPTIMIZATION_LEVEL = 0;
				GCC_PREPROCESSOR_DEFINITIONS = (
					"DEBUG=1",
					"$(inherited)",
				);
				GCC_WARN_64_TO_32_BIT_CONVERSION = YES;
				GCC_WARN_ABOUT_RETURN_TYPE = YES_ERROR;
				GCC_WARN_UNDECLARED_SELECTOR = YES;
				GCC_WARN_UNINITIALIZED_AUTOS = YES_AGGRESSIVE;
				GCC_WARN_UNUSED_FUNCTION = YES;
				GCC_WARN_UNUSED_VARIABLE = YES;
				IPHONEOS_DEPLOYMENT_TARGET = 13.2;
				MTL_ENABLE_DEBUG_INFO = INCLUDE_SOURCE;
				MTL_FAST_MATH = YES;
				ONLY_ACTIVE_ARCH = YES;
				SDKROOT = iphoneos;
				SWIFT_ACTIVE_COMPILATION_CONDITIONS = DEBUG;
				SWIFT_OPTIMIZATION_LEVEL = "-Onone";
			};
			name = Debug;
		};
		4FE0B5E323F6D377001854FC /* Release */ = {
			isa = XCBuildConfiguration;
			buildSettings = {
				ALWAYS_SEARCH_USER_PATHS = NO;
				CLANG_ANALYZER_NONNULL = YES;
				CLANG_ANALYZER_NUMBER_OBJECT_CONVERSION = YES_AGGRESSIVE;
				CLANG_CXX_LANGUAGE_STANDARD = "gnu++14";
				CLANG_CXX_LIBRARY = "libc++";
				CLANG_ENABLE_MODULES = YES;
				CLANG_ENABLE_OBJC_ARC = YES;
				CLANG_ENABLE_OBJC_WEAK = YES;
				CLANG_WARN_BLOCK_CAPTURE_AUTORELEASING = YES;
				CLANG_WARN_BOOL_CONVERSION = YES;
				CLANG_WARN_COMMA = YES;
				CLANG_WARN_CONSTANT_CONVERSION = YES;
				CLANG_WARN_DEPRECATED_OBJC_IMPLEMENTATIONS = YES;
				CLANG_WARN_DIRECT_OBJC_ISA_USAGE = YES_ERROR;
				CLANG_WARN_DOCUMENTATION_COMMENTS = YES;
				CLANG_WARN_EMPTY_BODY = YES;
				CLANG_WARN_ENUM_CONVERSION = YES;
				CLANG_WARN_INFINITE_RECURSION = YES;
				CLANG_WARN_INT_CONVERSION = YES;
				CLANG_WARN_NON_LITERAL_NULL_CONVERSION = YES;
				CLANG_WARN_OBJC_IMPLICIT_RETAIN_SELF = YES;
				CLANG_WARN_OBJC_LITERAL_CONVERSION = YES;
				CLANG_WARN_OBJC_ROOT_CLASS = YES_ERROR;
				CLANG_WARN_RANGE_LOOP_ANALYSIS = YES;
				CLANG_WARN_STRICT_PROTOTYPES = YES;
				CLANG_WARN_SUSPICIOUS_MOVE = YES;
				CLANG_WARN_UNGUARDED_AVAILABILITY = YES_AGGRESSIVE;
				CLANG_WARN_UNREACHABLE_CODE = YES;
				CLANG_WARN__DUPLICATE_METHOD_MATCH = YES;
				COPY_PHASE_STRIP = NO;
				DEBUG_INFORMATION_FORMAT = "dwarf-with-dsym";
				ENABLE_NS_ASSERTIONS = NO;
				ENABLE_STRICT_OBJC_MSGSEND = YES;
				GCC_C_LANGUAGE_STANDARD = gnu11;
				GCC_NO_COMMON_BLOCKS = YES;
				GCC_WARN_64_TO_32_BIT_CONVERSION = YES;
				GCC_WARN_ABOUT_RETURN_TYPE = YES_ERROR;
				GCC_WARN_UNDECLARED_SELECTOR = YES;
				GCC_WARN_UNINITIALIZED_AUTOS = YES_AGGRESSIVE;
				GCC_WARN_UNUSED_FUNCTION = YES;
				GCC_WARN_UNUSED_VARIABLE = YES;
				IPHONEOS_DEPLOYMENT_TARGET = 13.2;
				MTL_ENABLE_DEBUG_INFO = NO;
				MTL_FAST_MATH = YES;
				SDKROOT = iphoneos;
				SWIFT_COMPILATION_MODE = wholemodule;
				SWIFT_OPTIMIZATION_LEVEL = "-O";
				VALIDATE_PRODUCT = YES;
			};
			name = Release;
		};
		4FE0B5E523F6D377001854FC /* Debug */ = {
			isa = XCBuildConfiguration;
			buildSettings = {
				ASSETCATALOG_COMPILER_APPICON_NAME = AppIcon;
				CODE_SIGN_STYLE = Automatic;
				DEVELOPMENT_ASSET_PATHS = "\"iPadModalSwiftUISheet/Preview Content\"";
				DEVELOPMENT_TEAM = 2BA7PGZ44F;
				ENABLE_PREVIEWS = YES;
				INFOPLIST_FILE = iPadModalSwiftUISheet/Info.plist;
				LD_RUNPATH_SEARCH_PATHS = (
					"$(inherited)",
					"@executable_path/Frameworks",
				);
				PRODUCT_BUNDLE_IDENTIFIER = com.piterwilson.iPadModalSwiftUISheet;
				PRODUCT_NAME = "$(TARGET_NAME)";
				SWIFT_VERSION = 5.0;
				TARGETED_DEVICE_FAMILY = "1,2";
			};
			name = Debug;
		};
		4FE0B5E623F6D377001854FC /* Release */ = {
			isa = XCBuildConfiguration;
			buildSettings = {
				ASSETCATALOG_COMPILER_APPICON_NAME = AppIcon;
				CODE_SIGN_STYLE = Automatic;
				DEVELOPMENT_ASSET_PATHS = "\"iPadModalSwiftUISheet/Preview Content\"";
				DEVELOPMENT_TEAM = 2BA7PGZ44F;
				ENABLE_PREVIEWS = YES;
				INFOPLIST_FILE = iPadModalSwiftUISheet/Info.plist;
				LD_RUNPATH_SEARCH_PATHS = (
					"$(inherited)",
					"@executable_path/Frameworks",
				);
				PRODUCT_BUNDLE_IDENTIFIER = com.piterwilson.iPadModalSwiftUISheet;
				PRODUCT_NAME = "$(TARGET_NAME)";
				SWIFT_VERSION = 5.0;
				TARGETED_DEVICE_FAMILY = "1,2";
			};
			name = Release;
		};
/* End XCBuildConfiguration section */

/* Begin XCConfigurationList section */
		4FE0B5CB23F6D375001854FC /* Build configuration list for PBXProject "iPadModalSwiftUISheet" */ = {
			isa = XCConfigurationList;
			buildConfigurations = (
				4FE0B5E223F6D377001854FC /* Debug */,
				4FE0B5E323F6D377001854FC /* Release */,
			);
			defaultConfigurationIsVisible = 0;
			defaultConfigurationName = Release;
		};
		4FE0B5E423F6D377001854FC /* Build configuration list for PBXNativeTarget "iPadModalSwiftUISheet" */ = {
			isa = XCConfigurationList;
			buildConfigurations = (
				4FE0B5E523F6D377001854FC /* Debug */,
				4FE0B5E623F6D377001854FC /* Release */,
			);
			defaultConfigurationIsVisible = 0;
			defaultConfigurationName = Release;
		};
/* End XCConfigurationList section */
	};
	rootObject = 4FE0B5C823F6D375001854FC /* Project object */;
}
